{
  "name": "gt-telemetry",
  "version": "1.0.0",
  "lockfileVersion": 2,
  "requires": true,
  "packages": {
    "": {
      "name": "gt-telemetry",
      "version": "1.0.0",
      "license": "ISC",
      "dependencies": {
        "@types/node": "^18.6.1",
        "js-salsa20": "^1.0.0",
        "typescript": "^4.7.4"
      }
    },
    "node_modules/@types/node": {
      "version": "18.6.1",
      "resolved": "https://registry.npmjs.org/@types/node/-/node-18.6.1.tgz",
      "integrity": "sha512-z+2vB6yDt1fNwKOeGbckpmirO+VBDuQqecXkgeIqDlaOtmKn6hPR/viQ8cxCfqLU4fTlvM3+YjM367TukWdxpg=="
    },
    "node_modules/js-salsa20": {
      "version": "1.0.0",
      "resolved": "https://registry.npmjs.org/js-salsa20/-/js-salsa20-1.0.0.tgz",
      "integrity": "sha512-x3hpubYRTLl6onKbboJc7nP2UeERf6J0RVGT8BvtomJv1x8gCOG5dj2dd5IyIB+M/zaJ7yKuMh31ngHcZAG/xQ=="
    },
    "node_modules/typescript": {
      "version": "4.7.4",
      "resolved": "https://registry.npmjs.org/typescript/-/typescript-4.7.4.tgz",
      "integrity": "sha512-C0WQT0gezHuw6AdY1M2jxUO83Rjf0HP7Sk1DtXj6j1EwkQNZrHAg2XPWlq62oqEhYvONq5pkC2Y9oPljWToLmQ==",
      "bin": {
        "tsc": "bin/tsc",
        "tsserver": "bin/tsserver"
      },
      "engines": {
        "node": ">=4.2.0"
      }
    }
  },
  "dependencies": {
    "@types/node": {
      "version": "18.6.1",
      "resolved": "https://registry.npmjs.org/@types/node/-/node-18.6.1.tgz",
      "integrity": "sha512-z+2vB6yDt1fNwKOeGbckpmirO+VBDuQqecXkgeIqDlaOtmKn6hPR/viQ8cxCfqLU4fTlvM3+YjM367TukWdxpg=="
    },
    "js-salsa20": {
      "version": "1.0.0",
      "resolved": "https://registry.npmjs.org/js-salsa20/-/js-salsa20-1.0.0.tgz",
      "integrity": "sha512-x3hpubYRTLl6onKbboJc7nP2UeERf6J0RVGT8BvtomJv1x8gCOG5dj2dd5IyIB+M/zaJ7yKuMh31ngHcZAG/xQ=="
    },
    "typescript": {
      "version": "4.7.4",
      "resolved": "https://registry.npmjs.org/typescript/-/typescript-4.7.4.tgz",
      "integrity": "sha512-C0WQT0gezHuw6AdY1M2jxUO83Rjf0HP7Sk1DtXj6j1EwkQNZrHAg2XPWlq62oqEhYvONq5pkC2Y9oPljWToLmQ=="
    }
  }
}
